
Microsoft Visual Studio Solution File, Format Version 12.00
# Visual Studio Version 17
VisualStudioVersion = 17.5.33502.453
MinimumVisualStudioVersion = 10.0.40219.1
Project("{FAE04EC0-301F-11D3-BF4B-00C04F79EFBC}") = "lab01", "lab01\lab01.csproj", "{79B4CB6D-B147-421E-993B-36089E12D717}"
EndProject
Global
	GlobalSection(SolutionConfigurationPlatforms) = preSolution
		Debug|Any CPU = Debug|Any CPU
		Release|Any CPU = Release|Any CPU
	EndGlobalSection
	GlobalSection(ProjectConfigurationPlatforms) = postSolution
		{79B4CB6D-B147-421E-993B-36089E12D717}.Debug|Any CPU.ActiveCfg = Debug|Any CPU
		{79B4CB6D-B147-421E-993B-36089E12D717}.Debug|Any CPU.Build.0 = Debug|Any CPU
		{79B4CB6D-B147-421E-993B-36089E12D717}.Release|Any CPU.ActiveCfg = Release|Any CPU
		{79B4CB6D-B147-421E-993B-36089E12D717}.Release|Any CPU.Build.0 = Release|Any CPU
	EndGlobalSection
	GlobalSection(SolutionProperties) = preSolution
		HideSolutionNode = FALSE
	EndGlobalSection
	GlobalSection(ExtensibilityGlobals) = postSolution
		SolutionGuid = {67D17E8B-6C57-45F0-B061-2E714B415DA3}
	EndGlobalSection
EndGlobal
